
Microsoft Visual Studio Solution File, Format Version 12.00
# Visual Studio Version 16
VisualStudioVersion = 16.0.30709.132
MinimumVisualStudioVersion = 10.0.40219.1
Project("{FAE04EC0-301F-11D3-BF4B-00C04F79EFBC}") = "MultiDatabaseApp", "MultiDatabaseApp\MultiDatabaseApp.csproj", "{934C408A-ABC4-4F4D-843C-54EA2BF228EA}"
EndProject
Global
	GlobalSection(SolutionConfigurationPlatforms) = preSolution
		Debug|Any CPU = Debug|Any CPU
		Release|Any CPU = Release|Any CPU
	EndGlobalSection
	GlobalSection(ProjectConfigurationPlatforms) = postSolution
		{934C408A-ABC4-4F4D-843C-54EA2BF228EA}.Debug|Any CPU.ActiveCfg = Debug|Any CPU
		{934C408A-ABC4-4F4D-843C-54EA2BF228EA}.Debug|Any CPU.Build.0 = Debug|Any CPU
		{934C408A-ABC4-4F4D-843C-54EA2BF228EA}.Release|Any CPU.ActiveCfg = Release|Any CPU
		{934C408A-ABC4-4F4D-843C-54EA2BF228EA}.Release|Any CPU.Build.0 = Release|Any CPU
	EndGlobalSection
	GlobalSection(SolutionProperties) = preSolution
		HideSolutionNode = FALSE
	EndGlobalSection
	GlobalSection(ExtensibilityGlobals) = postSolution
		SolutionGuid = {89DB2D65-8308-4C45-87ED-1853A475F3F2}
	EndGlobalSection
EndGlobal
